// !$*UTF8*$!
{
	archiveVersion = 1;
	classes = {
	};
	objectVersion = 77;
	objects = {

/* Begin PBXBuildFile section */
		252B8192FB5D0F9AFC9E3B64 /* LocalFlowApp.swift in Sources */ = {isa = PBXBuildFile; fileRef = F9DD4D787CB01BE9936B6AB0 /* LocalFlowApp.swift */; };
		2FC73870D23B82BB8029F50D /* RecordingOverlayView.swift in Sources */ = {isa = PBXBuildFile; fileRef = 2991A03DE49DACD7EAFF8001 /* RecordingOverlayView.swift */; };
		445D0319564E2E94B390E69A /* ModelManagerView.swift in Sources */ = {isa = PBXBuildFile; fileRef = A8F72C7640DCE71306BF8947 /* ModelManagerView.swift */; };
		6868FD4139A6B598196D20A7 /* BackendService.swift in Sources */ = {isa = PBXBuildFile; fileRef = 9E464CEE8F6B42DA13168442 /* BackendService.swift */; };
		834CD0D9769F59B65D3FC578 /* PreferencesView.swift in Sources */ = {isa = PBXBuildFile; fileRef = 8107EF2E493A1289B42E6193 /* PreferencesView.swift */; };
		9FA6DD102438521DBB791692 /* NotificationService.swift in Sources */ = {isa = PBXBuildFile; fileRef = A4B6A8F93E6293229ED5FDCE /* NotificationService.swift */; };
		A3D32DBED688D84669EDDA4E /* WebSocketService.swift in Sources */ = {isa = PBXBuildFile; fileRef = 0694446870AEE08E80028766 /* WebSocketService.swift */; };
		E1A049F9EB1A26A2D3C2B8DF /* BackendServerManager.swift in Sources */ = {isa = PBXBuildFile; fileRef = E69BD1ED8B46481D3BA04C7C /* BackendServerManager.swift */; };
		F1AA337FDC85AA14E1B6BBCF /* DataModels.swift in Sources */ = {isa = PBXBuildFile; fileRef = 54D3165D7951B9B28DAC6519 /* DataModels.swift */; };
/* End PBXBuildFile section */

/* Begin PBXFileReference section */
		01A00CF41EE773BA0E2D96F9 /* Info.plist */ = {isa = PBXFileReference; lastKnownFileType = text.plist; path = Info.plist; sourceTree = "<group>"; };
		0694446870AEE08E80028766 /* WebSocketService.swift */ = {isa = PBXFileReference; lastKnownFileType = sourcecode.swift; path = WebSocketService.swift; sourceTree = "<group>"; };
		2991A03DE49DACD7EAFF8001 /* RecordingOverlayView.swift */ = {isa = PBXFileReference; lastKnownFileType = sourcecode.swift; path = RecordingOverlayView.swift; sourceTree = "<group>"; };
		54D3165D7951B9B28DAC6519 /* DataModels.swift */ = {isa = PBXFileReference; lastKnownFileType = sourcecode.swift; path = DataModels.swift; sourceTree = "<group>"; };
		8107EF2E493A1289B42E6193 /* PreferencesView.swift */ = {isa = PBXFileReference; lastKnownFileType = sourcecode.swift; path = PreferencesView.swift; sourceTree = "<group>"; };
		9197D7860D1EDCAEBF2FF893 /* LocalFlowApp.app */ = {isa = PBXFileReference; explicitFileType = wrapper.application; includeInIndex = 0; path = LocalFlowApp.app; sourceTree = BUILT_PRODUCTS_DIR; };
		9E464CEE8F6B42DA13168442 /* BackendService.swift */ = {isa = PBXFileReference; lastKnownFileType = sourcecode.swift; path = BackendService.swift; sourceTree = "<group>"; };
		A4B6A8F93E6293229ED5FDCE /* NotificationService.swift */ = {isa = PBXFileReference; lastKnownFileType = sourcecode.swift; path = NotificationService.swift; sourceTree = "<group>"; };
		A8F72C7640DCE71306BF8947 /* ModelManagerView.swift */ = {isa = PBXFileReference; lastKnownFileType = sourcecode.swift; path = ModelManagerView.swift; sourceTree = "<group>"; };
		E69BD1ED8B46481D3BA04C7C /* BackendServerManager.swift */ = {isa = PBXFileReference; lastKnownFileType = sourcecode.swift; path = BackendServerManager.swift; sourceTree = "<group>"; };
		F9DD4D787CB01BE9936B6AB0 /* LocalFlowApp.swift */ = {isa = PBXFileReference; lastKnownFileType = sourcecode.swift; path = LocalFlowApp.swift; sourceTree = "<group>"; };
/* End PBXFileReference section */

/* Begin PBXGroup section */
		1DB5190CF2A0852F0A7AA44D = {
			isa = PBXGroup;
			children = (
				EBC5E958EC7F7E4DA027BA9A /* LocalFlowApp */,
				DEB5BD1D19CC1FB437322297 /* Products */,
			);
			sourceTree = "<group>";
		};
		8CCA7DC91C23742D1D047FA9 /* Services */ = {
			isa = PBXGroup;
			children = (
				E69BD1ED8B46481D3BA04C7C /* BackendServerManager.swift */,
				9E464CEE8F6B42DA13168442 /* BackendService.swift */,
				A4B6A8F93E6293229ED5FDCE /* NotificationService.swift */,
				0694446870AEE08E80028766 /* WebSocketService.swift */,
			);
			path = Services;
			sourceTree = "<group>";
		};
		917A1C4EBDB0CE81F7ED0962 /* Views */ = {
			isa = PBXGroup;
			children = (
				A8F72C7640DCE71306BF8947 /* ModelManagerView.swift */,
				8107EF2E493A1289B42E6193 /* PreferencesView.swift */,
				2991A03DE49DACD7EAFF8001 /* RecordingOverlayView.swift */,
			);
			path = Views;
			sourceTree = "<group>";
		};
		D7A904F6BE81A448E7AE640D /* Models */ = {
			isa = PBXGroup;
			children = (
				54D3165D7951B9B28DAC6519 /* DataModels.swift */,
			);
			path = Models;
			sourceTree = "<group>";
		};
		DEB5BD1D19CC1FB437322297 /* Products */ = {
			isa = PBXGroup;
			children = (
				9197D7860D1EDCAEBF2FF893 /* LocalFlowApp.app */,
			);
			name = Products;
			sourceTree = "<group>";
		};
		EBC5E958EC7F7E4DA027BA9A /* LocalFlowApp */ = {
			isa = PBXGroup;
			children = (
				01A00CF41EE773BA0E2D96F9 /* Info.plist */,
				F9DD4D787CB01BE9936B6AB0 /* LocalFlowApp.swift */,
				D7A904F6BE81A448E7AE640D /* Models */,
				8CCA7DC91C23742D1D047FA9 /* Services */,
				917A1C4EBDB0CE81F7ED0962 /* Views */,
			);
			path = LocalFlowApp;
			sourceTree = "<group>";
		};
/* End PBXGroup section */

/* Begin PBXNativeTarget section */
		2D4AD01D0E58C9A520EE45B3 /* LocalFlowApp */ = {
			isa = PBXNativeTarget;
			buildConfigurationList = 578C1B2123D675F39523355E /* Build configuration list for PBXNativeTarget "LocalFlowApp" */;
			buildPhases = (
				F34D0544EF9267116A1F7EFE /* Sources */,
			);
			buildRules = (
			);
			dependencies = (
			);
			name = LocalFlowApp;
			packageProductDependencies = (
			);
			productName = LocalFlowApp;
			productReference = 9197D7860D1EDCAEBF2FF893 /* LocalFlowApp.app */;
			productType = "com.apple.product-type.application";
		};
/* End PBXNativeTarget section */

/* Begin PBXProject section */
		280585B5436E6F2CFD4D8030 /* Project object */ = {
			isa = PBXProject;
			attributes = {
				BuildIndependentTargetsInParallel = YES;
				LastUpgradeCheck = 1500;
			};
			buildConfigurationList = D3EE8DF6E2497C2D05E3EA49 /* Build configuration list for PBXProject "LocalFlow" */;
			compatibilityVersion = "Xcode 14.0";
			developmentRegion = en;
			hasScannedForEncodings = 0;
			knownRegions = (
				Base,
				en,
			);
			mainGroup = 1DB5190CF2A0852F0A7AA44D;
			minimizedProjectReferenceProxies = 1;
			preferredProjectObjectVersion = 77;
			projectDirPath = "";
			projectRoot = "";
			targets = (
				2D4AD01D0E58C9A520EE45B3 /* LocalFlowApp */,
			);
		};
/* End PBXProject section */

/* Begin PBXSourcesBuildPhase section */
		F34D0544EF9267116A1F7EFE /* Sources */ = {
			isa = PBXSourcesBuildPhase;
			buildActionMask = 2147483647;
			files = (
				E1A049F9EB1A26A2D3C2B8DF /* BackendServerManager.swift in Sources */,
				6868FD4139A6B598196D20A7 /* BackendService.swift in Sources */,
				F1AA337FDC85AA14E1B6BBCF /* DataModels.swift in Sources */,
				252B8192FB5D0F9AFC9E3B64 /* LocalFlowApp.swift in Sources */,
				445D0319564E2E94B390E69A /* ModelManagerView.swift in Sources */,
				9FA6DD102438521DBB791692 /* NotificationService.swift in Sources */,
				834CD0D9769F59B65D3FC578 /* PreferencesView.swift in Sources */,
				2FC73870D23B82BB8029F50D /* RecordingOverlayView.swift in Sources */,
				A3D32DBED688D84669EDDA4E /* WebSocketService.swift in Sources */,
			);
			runOnlyForDeploymentPostprocessing = 0;
		};
/* End PBXSourcesBuildPhase section */

/* Begin XCBuildConfiguration section */
		7D5A0EFD6B2D5643617C3713 /* Debug */ = {
			isa = XCBuildConfiguration;
			buildSettings = {
				ASSETCATALOG_COMPILER_APPICON_NAME = AppIcon;
				CODE_SIGN_ENTITLEMENTS = LocalFlowApp.entitlements;
				COMBINE_HIDPI_IMAGES = YES;
				INFOPLIST_FILE = LocalFlowApp/Info.plist;
				LD_RUNPATH_SEARCH_PATHS = (
					"$(inherited)",
					"@executable_path/../Frameworks",
				);
				MACOSX_DEPLOYMENT_TARGET = 26.0.99;
				PRODUCT_BUNDLE_IDENTIFIER = com.localflow.app;
				PRODUCT_NAME = LocalFlow;
				SDKROOT = macosx;
				SWIFT_ACTIVE_COMPILATION_CONDITIONS = "DEBUG $(inherited)";
				SWIFT_VERSION = 5.9;
			};
			name = Debug;
		};
		8FA9AD895B1E7ABF7B8165C2 /* Release */ = {
			isa = XCBuildConfiguration;
			buildSettings = {
				ALWAYS_SEARCH_USER_PATHS = NO;
				CLANG_ANALYZER_NONNULL = YES;
				CLANG_ANALYZER_NUMBER_OBJECT_CONVERSION = YES_AGGRESSIVE;
				CLANG_CXX_LANGUAGE_STANDARD = "gnu++14";
				CLANG_CXX_LIBRARY = "libc++";
				CLANG_ENABLE_MODULES = YES;
				CLANG_ENABLE_OBJC_ARC = YES;
				CLANG_ENABLE_OBJC_WEAK = YES;
				CLANG_WARN_BLOCK_CAPTURE_AUTORELEASING = YES;
				CLANG_WARN_BOOL_CONVERSION = YES;
				CLANG_WARN_COMMA = YES;
				CLANG_WARN_CONSTANT_CONVERSION = YES;
				CLANG_WARN_DEPRECATED_OBJC_IMPLEMENTATIONS = YES;
				CLANG_WARN_DIRECT_OBJC_ISA_USAGE = YES_ERROR;
				CLANG_WARN_DOCUMENTATION_COMMENTS = YES;
				CLANG_WARN_EMPTY_BODY = YES;
				CLANG_WARN_ENUM_CONVERSION = YES;
				CLANG_WARN_INFINITE_RECURSION = YES;
				CLANG_WARN_INT_CONVERSION = YES;
				CLANG_WARN_NON_LITERAL_NULL_CONVERSION = YES;
				CLANG_WARN_OBJC_IMPLICIT_RETAIN_SELF = YES;
				CLANG_WARN_OBJC_LITERAL_CONVERSION = YES;
				CLANG_WARN_OBJC_ROOT_CLASS = YES_ERROR;
				CLANG_WARN_QUOTED_INCLUDE_IN_FRAMEWORK_HEADER = YES;
				CLANG_WARN_RANGE_LOOP_ANALYSIS = YES;
				CLANG_WARN_STRICT_PROTOTYPES = YES;
				CLANG_WARN_SUSPICIOUS_MOVE = YES;
				CLANG_WARN_UNGUARDED_AVAILABILITY = YES_AGGRESSIVE;
				CLANG_WARN_UNREACHABLE_CODE = YES;
				CLANG_WARN__DUPLICATE_METHOD_MATCH = YES;
				COPY_PHASE_STRIP = NO;
				DEBUG_INFORMATION_FORMAT = "dwarf-with-dsym";
				ENABLE_NS_ASSERTIONS = NO;
				ENABLE_STRICT_OBJC_MSGSEND = YES;
				GCC_C_LANGUAGE_STANDARD = gnu11;
				GCC_NO_COMMON_BLOCKS = YES;
				GCC_WARN_64_TO_32_BIT_CONVERSION = YES;
				GCC_WARN_ABOUT_RETURN_TYPE = YES_ERROR;
				GCC_WARN_UNDECLARED_SELECTOR = YES;
				GCC_WARN_UNINITIALIZED_AUTOS = YES_AGGRESSIVE;
				GCC_WARN_UNUSED_FUNCTION = YES;
				GCC_WARN_UNUSED_VARIABLE = YES;
				MACOSX_DEPLOYMENT_TARGET = 26.0.99;
				MTL_ENABLE_DEBUG_INFO = NO;
				MTL_FAST_MATH = YES;
				PRODUCT_NAME = "$(TARGET_NAME)";
				SDKROOT = macosx;
				SWIFT_COMPILATION_MODE = wholemodule;
				SWIFT_OPTIMIZATION_LEVEL = "-O";
				SWIFT_VERSION = 5.0;
			};
			name = Release;
		};
		A7C89BF76D6BA212AAF74C7F /* Release */ = {
			isa = XCBuildConfiguration;
			buildSettings = {
				ASSETCATALOG_COMPILER_APPICON_NAME = AppIcon;
				CODE_SIGN_ENTITLEMENTS = LocalFlowApp.entitlements;
				COMBINE_HIDPI_IMAGES = YES;
				INFOPLIST_FILE = LocalFlowApp/Info.plist;
				LD_RUNPATH_SEARCH_PATHS = (
					"$(inherited)",
					"@executable_path/../Frameworks",
				);
				MACOSX_DEPLOYMENT_TARGET = 26.0.99;
				PRODUCT_BUNDLE_IDENTIFIER = com.localflow.app;
				PRODUCT_NAME = LocalFlow;
				SDKROOT = macosx;
				SWIFT_ACTIVE_COMPILATION_CONDITIONS = "DEBUG $(inherited)";
				SWIFT_VERSION = 5.9;
			};
			name = Release;
		};
		AE83E616B7CF00C8A81FF089 /* Debug */ = {
			isa = XCBuildConfiguration;
			buildSettings = {
				ALWAYS_SEARCH_USER_PATHS = NO;
				CLANG_ANALYZER_NONNULL = YES;
				CLANG_ANALYZER_NUMBER_OBJECT_CONVERSION = YES_AGGRESSIVE;
				CLANG_CXX_LANGUAGE_STANDARD = "gnu++14";
				CLANG_CXX_LIBRARY = "libc++";
				CLANG_ENABLE_MODULES = YES;
				CLANG_ENABLE_OBJC_ARC = YES;
				CLANG_ENABLE_OBJC_WEAK = YES;
				CLANG_WARN_BLOCK_CAPTURE_AUTORELEASING = YES;
				CLANG_WARN_BOOL_CONVERSION = YES;
				CLANG_WARN_COMMA = YES;
				CLANG_WARN_CONSTANT_CONVERSION = YES;
				CLANG_WARN_DEPRECATED_OBJC_IMPLEMENTATIONS = YES;
				CLANG_WARN_DIRECT_OBJC_ISA_USAGE = YES_ERROR;
				CLANG_WARN_DOCUMENTATION_COMMENTS = YES;
				CLANG_WARN_EMPTY_BODY = YES;
				CLANG_WARN_ENUM_CONVERSION = YES;
				CLANG_WARN_INFINITE_RECURSION = YES;
				CLANG_WARN_INT_CONVERSION = YES;
				CLANG_WARN_NON_LITERAL_NULL_CONVERSION = YES;
				CLANG_WARN_OBJC_IMPLICIT_RETAIN_SELF = YES;
				CLANG_WARN_OBJC_LITERAL_CONVERSION = YES;
				CLANG_WARN_OBJC_ROOT_CLASS = YES_ERROR;
				CLANG_WARN_QUOTED_INCLUDE_IN_FRAMEWORK_HEADER = YES;
				CLANG_WARN_RANGE_LOOP_ANALYSIS = YES;
				CLANG_WARN_STRICT_PROTOTYPES = YES;
				CLANG_WARN_SUSPICIOUS_MOVE = YES;
				CLANG_WARN_UNGUARDED_AVAILABILITY = YES_AGGRESSIVE;
				CLANG_WARN_UNREACHABLE_CODE = YES;
				CLANG_WARN__DUPLICATE_METHOD_MATCH = YES;
				COPY_PHASE_STRIP = NO;
				DEBUG_INFORMATION_FORMAT = dwarf;
				ENABLE_STRICT_OBJC_MSGSEND = YES;
				ENABLE_TESTABILITY = YES;
				GCC_C_LANGUAGE_STANDARD = gnu11;
				GCC_DYNAMIC_NO_PIC = NO;
				GCC_NO_COMMON_BLOCKS = YES;
				GCC_OPTIMIZATION_LEVEL = 0;
				GCC_PREPROCESSOR_DEFINITIONS = (
					"$(inherited)",
					"DEBUG=1",
				);
				GCC_WARN_64_TO_32_BIT_CONVERSION = YES;
				GCC_WARN_ABOUT_RETURN_TYPE = YES_ERROR;
				GCC_WARN_UNDECLARED_SELECTOR = YES;
				GCC_WARN_UNINITIALIZED_AUTOS = YES_AGGRESSIVE;
				GCC_WARN_UNUSED_FUNCTION = YES;
				GCC_WARN_UNUSED_VARIABLE = YES;
				MACOSX_DEPLOYMENT_TARGET = 26.0.99;
				MTL_ENABLE_DEBUG_INFO = INCLUDE_SOURCE;
				MTL_FAST_MATH = YES;
				ONLY_ACTIVE_ARCH = YES;
				PRODUCT_NAME = "$(TARGET_NAME)";
				SDKROOT = macosx;
				SWIFT_ACTIVE_COMPILATION_CONDITIONS = DEBUG;
				SWIFT_OPTIMIZATION_LEVEL = "-Onone";
				SWIFT_VERSION = 5.0;
			};
			name = Debug;
		};
/* End XCBuildConfiguration section */

/* Begin XCConfigurationList section */
		578C1B2123D675F39523355E /* Build configuration list for PBXNativeTarget "LocalFlowApp" */ = {
			isa = XCConfigurationList;
			buildConfigurations = (
				7D5A0EFD6B2D5643617C3713 /* Debug */,
				A7C89BF76D6BA212AAF74C7F /* Release */,
			);
			defaultConfigurationIsVisible = 0;
			defaultConfigurationName = Debug;
		};
		D3EE8DF6E2497C2D05E3EA49 /* Build configuration list for PBXProject "LocalFlow" */ = {
			isa = XCConfigurationList;
			buildConfigurations = (
				AE83E616B7CF00C8A81FF089 /* Debug */,
				8FA9AD895B1E7ABF7B8165C2 /* Release */,
			);
			defaultConfigurationIsVisible = 0;
			defaultConfigurationName = Debug;
		};
/* End XCConfigurationList section */
	};
	rootObject = 280585B5436E6F2CFD4D8030 /* Project object */;
}
